
Microsoft Visual Studio Solution File, Format Version 12.00
# Visual Studio Version 17
VisualStudioVersion = 17.9.34728.123
MinimumVisualStudioVersion = 10.0.40219.1
Project("{FAE04EC0-301F-11D3-BF4B-00C04F79EFBC}") = "SmartMail.Cli", "SmartMail.Cli\SmartMail.Cli.csproj", "{D77C2D64-E6EC-4658-8D96-BD082AD0D3A4}"
EndProject
Project("{FAE04EC0-301F-11D3-BF4B-00C04F79EFBC}") = "SmartMailApiClient", "SmartMailApiClient\SmartMailApiClient.csproj", "{8E7F5C2E-3544-4CF7-844A-7C5E86B7872A}"
EndProject
Global
	GlobalSection(SolutionConfigurationPlatforms) = preSolution
		Debug|Any CPU = Debug|Any CPU
		Release|Any CPU = Release|Any CPU
	EndGlobalSection
	GlobalSection(ProjectConfigurationPlatforms) = postSolution
		{D77C2D64-E6EC-4658-8D96-BD082AD0D3A4}.Debug|Any CPU.ActiveCfg = Debug|Any CPU
		{D77C2D64-E6EC-4658-8D96-BD082AD0D3A4}.Debug|Any CPU.Build.0 = Debug|Any CPU
		{D77C2D64-E6EC-4658-8D96-BD082AD0D3A4}.Release|Any CPU.ActiveCfg = Release|Any CPU
		{D77C2D64-E6EC-4658-8D96-BD082AD0D3A4}.Release|Any CPU.Build.0 = Release|Any CPU
		{8E7F5C2E-3544-4CF7-844A-7C5E86B7872A}.Debug|Any CPU.ActiveCfg = Debug|Any CPU
		{8E7F5C2E-3544-4CF7-844A-7C5E86B7872A}.Debug|Any CPU.Build.0 = Debug|Any CPU
		{8E7F5C2E-3544-4CF7-844A-7C5E86B7872A}.Release|Any CPU.ActiveCfg = Release|Any CPU
		{8E7F5C2E-3544-4CF7-844A-7C5E86B7872A}.Release|Any CPU.Build.0 = Release|Any CPU
	EndGlobalSection
	GlobalSection(SolutionProperties) = preSolution
		HideSolutionNode = FALSE
	EndGlobalSection
	GlobalSection(ExtensibilityGlobals) = postSolution
		SolutionGuid = {9B9A217B-19B3-48A9-A6AC-1336EE3BF0FC}
	EndGlobalSection
EndGlobal
